
Microsoft Visual Studio Solution File, Format Version 12.00
# Visual Studio Version 17
VisualStudioVersion = 17.3.32929.385
MinimumVisualStudioVersion = 10.0.40219.1
Project("{FAE04EC0-301F-11D3-BF4B-00C04F79EFBC}") = "MelonBookshelf", "MelonBookshelf\MelonBookshelf.csproj", "{ABEEEA4F-A47B-4D22-86B3-2324C8739CE7}"
EndProject
Global
	GlobalSection(SolutionConfigurationPlatforms) = preSolution
		Debug|Any CPU = Debug|Any CPU
		Release|Any CPU = Release|Any CPU
	EndGlobalSection
	GlobalSection(ProjectConfigurationPlatforms) = postSolution
		{ABEEEA4F-A47B-4D22-86B3-2324C8739CE7}.Debug|Any CPU.ActiveCfg = Debug|Any CPU
		{ABEEEA4F-A47B-4D22-86B3-2324C8739CE7}.Debug|Any CPU.Build.0 = Debug|Any CPU
		{ABEEEA4F-A47B-4D22-86B3-2324C8739CE7}.Release|Any CPU.ActiveCfg = Release|Any CPU
		{ABEEEA4F-A47B-4D22-86B3-2324C8739CE7}.Release|Any CPU.Build.0 = Release|Any CPU
	EndGlobalSection
	GlobalSection(SolutionProperties) = preSolution
		HideSolutionNode = FALSE
	EndGlobalSection
	GlobalSection(ExtensibilityGlobals) = postSolution
		SolutionGuid = {3A4FB132-0977-4554-B1B3-639A543A173B}
	EndGlobalSection
EndGlobal
